
Microsoft Visual Studio Solution File, Format Version 12.00
# Visual Studio Version 17
VisualStudioVersion = 17.9.34607.119
MinimumVisualStudioVersion = 10.0.40219.1
Project("{FAE04EC0-301F-11D3-BF4B-00C04F79EFBC}") = "HttpServer.HTTP", "HttpServer\HttpServer.HTTP.csproj", "{2CB777D2-4B29-42F0-A2C1-91D06FE9B15A}"
EndProject
Project("{FAE04EC0-301F-11D3-BF4B-00C04F79EFBC}") = "HttpServer.Framework", "Framework\HttpServer.Framework.csproj", "{ED8F06C3-2B65-4AFB-9C49-792AD599D257}"
EndProject
Project("{2150E333-8FDC-42A3-9474-1A3956D46DE8}") = "Apps", "Apps", "{A7863E11-8581-4529-B3FF-970DF9D61851}"
EndProject
Project("{FAE04EC0-301F-11D3-BF4B-00C04F79EFBC}") = "DemoWebApplication", "Apps\DemoWebApplication\DemoWebApplication.csproj", "{AFB653B3-948B-4811-ACFE-C936940FD3FD}"
EndProject
Global
	GlobalSection(SolutionConfigurationPlatforms) = preSolution
		Debug|Any CPU = Debug|Any CPU
		Release|Any CPU = Release|Any CPU
	EndGlobalSection
	GlobalSection(ProjectConfigurationPlatforms) = postSolution
		{2CB777D2-4B29-42F0-A2C1-91D06FE9B15A}.Debug|Any CPU.ActiveCfg = Debug|Any CPU
		{2CB777D2-4B29-42F0-A2C1-91D06FE9B15A}.Debug|Any CPU.Build.0 = Debug|Any CPU
		{2CB777D2-4B29-42F0-A2C1-91D06FE9B15A}.Release|Any CPU.ActiveCfg = Release|Any CPU
		{2CB777D2-4B29-42F0-A2C1-91D06FE9B15A}.Release|Any CPU.Build.0 = Release|Any CPU
		{ED8F06C3-2B65-4AFB-9C49-792AD599D257}.Debug|Any CPU.ActiveCfg = Debug|Any CPU
		{ED8F06C3-2B65-4AFB-9C49-792AD599D257}.Debug|Any CPU.Build.0 = Debug|Any CPU
		{ED8F06C3-2B65-4AFB-9C49-792AD599D257}.Release|Any CPU.ActiveCfg = Release|Any CPU
		{ED8F06C3-2B65-4AFB-9C49-792AD599D257}.Release|Any CPU.Build.0 = Release|Any CPU
		{AFB653B3-948B-4811-ACFE-C936940FD3FD}.Debug|Any CPU.ActiveCfg = Debug|Any CPU
		{AFB653B3-948B-4811-ACFE-C936940FD3FD}.Debug|Any CPU.Build.0 = Debug|Any CPU
		{AFB653B3-948B-4811-ACFE-C936940FD3FD}.Release|Any CPU.ActiveCfg = Release|Any CPU
		{AFB653B3-948B-4811-ACFE-C936940FD3FD}.Release|Any CPU.Build.0 = Release|Any CPU
	EndGlobalSection
	GlobalSection(SolutionProperties) = preSolution
		HideSolutionNode = FALSE
	EndGlobalSection
	GlobalSection(NestedProjects) = preSolution
		{AFB653B3-948B-4811-ACFE-C936940FD3FD} = {A7863E11-8581-4529-B3FF-970DF9D61851}
	EndGlobalSection
	GlobalSection(ExtensibilityGlobals) = postSolution
		SolutionGuid = {7A02A02B-CE41-4439-AB52-2E353250CD7D}
	EndGlobalSection
EndGlobal
